{
  "name": "pt-first",
  "version": "1.0.0",
  "lockfileVersion": 1,
  "requires": true,
  "dependencies": {
    "@builder.io/partytown": {
      "version": "0.5.2",
      "resolved": "https://registry.npmjs.org/@builder.io/partytown/-/partytown-0.5.2.tgz",
      "integrity": "sha512-DHJPs5WPVFExUuGMsuA6yZQ6OPtVVv/3JJK9pzGrNfvuGNvlip5v7xOhXwZG26HLU9ZrrOFsOGhn5FUT2H7dPw=="
    }
  }
}
